
Microsoft Visual Studio Solution File, Format Version 12.00
# Visual Studio Version 16
VisualStudioVersion = 16.0.32413.511
MinimumVisualStudioVersion = 10.0.40219.1
Project("{FAE04EC0-301F-11D3-BF4B-00C04F79EFBC}") = "Business.Dal", "Business.Dal\Business.Dal.csproj", "{39727400-A96F-48A3-9085-772C3D50A73B}"
EndProject
Project("{FAE04EC0-301F-11D3-BF4B-00C04F79EFBC}") = "Business.Bll", "Business.Bll\Business.Bll.csproj", "{4064C96F-893C-4383-B1FE-30E170DE5F19}"
EndProject
Project("{FAE04EC0-301F-11D3-BF4B-00C04F79EFBC}") = "Business.Entity", "Business.Entity\Business.Entity.csproj", "{1E39D554-C103-407E-9F7E-58836C3F542C}"
EndProject
Project("{FAE04EC0-301F-11D3-BF4B-00C04F79EFBC}") = "Business.Interface", "Business.Interface\Business.Interface.csproj", "{5BB6846A-CEAB-414D-8287-F6BCA46745C0}"
EndProject
Project("{FAE04EC0-301F-11D3-BF4B-00C04F79EFBC}") = "Business.WebApi", "Business.WebApi\Business.WebApi.csproj", "{C86094BF-6F78-4CB1-B019-525DD6211ED9}"
EndProject
Global
	GlobalSection(SolutionConfigurationPlatforms) = preSolution
		Debug|Any CPU = Debug|Any CPU
		Release|Any CPU = Release|Any CPU
	EndGlobalSection
	GlobalSection(ProjectConfigurationPlatforms) = postSolution
		{39727400-A96F-48A3-9085-772C3D50A73B}.Debug|Any CPU.ActiveCfg = Debug|Any CPU
		{39727400-A96F-48A3-9085-772C3D50A73B}.Debug|Any CPU.Build.0 = Debug|Any CPU
		{39727400-A96F-48A3-9085-772C3D50A73B}.Release|Any CPU.ActiveCfg = Release|Any CPU
		{39727400-A96F-48A3-9085-772C3D50A73B}.Release|Any CPU.Build.0 = Release|Any CPU
		{4064C96F-893C-4383-B1FE-30E170DE5F19}.Debug|Any CPU.ActiveCfg = Debug|Any CPU
		{4064C96F-893C-4383-B1FE-30E170DE5F19}.Debug|Any CPU.Build.0 = Debug|Any CPU
		{4064C96F-893C-4383-B1FE-30E170DE5F19}.Release|Any CPU.ActiveCfg = Release|Any CPU
		{4064C96F-893C-4383-B1FE-30E170DE5F19}.Release|Any CPU.Build.0 = Release|Any CPU
		{1E39D554-C103-407E-9F7E-58836C3F542C}.Debug|Any CPU.ActiveCfg = Debug|Any CPU
		{1E39D554-C103-407E-9F7E-58836C3F542C}.Debug|Any CPU.Build.0 = Debug|Any CPU
		{1E39D554-C103-407E-9F7E-58836C3F542C}.Release|Any CPU.ActiveCfg = Release|Any CPU
		{1E39D554-C103-407E-9F7E-58836C3F542C}.Release|Any CPU.Build.0 = Release|Any CPU
		{5BB6846A-CEAB-414D-8287-F6BCA46745C0}.Debug|Any CPU.ActiveCfg = Debug|Any CPU
		{5BB6846A-CEAB-414D-8287-F6BCA46745C0}.Debug|Any CPU.Build.0 = Debug|Any CPU
		{5BB6846A-CEAB-414D-8287-F6BCA46745C0}.Release|Any CPU.ActiveCfg = Release|Any CPU
		{5BB6846A-CEAB-414D-8287-F6BCA46745C0}.Release|Any CPU.Build.0 = Release|Any CPU
		{C86094BF-6F78-4CB1-B019-525DD6211ED9}.Debug|Any CPU.ActiveCfg = Debug|Any CPU
		{C86094BF-6F78-4CB1-B019-525DD6211ED9}.Debug|Any CPU.Build.0 = Debug|Any CPU
		{C86094BF-6F78-4CB1-B019-525DD6211ED9}.Release|Any CPU.ActiveCfg = Release|Any CPU
		{C86094BF-6F78-4CB1-B019-525DD6211ED9}.Release|Any CPU.Build.0 = Release|Any CPU
	EndGlobalSection
	GlobalSection(SolutionProperties) = preSolution
		HideSolutionNode = FALSE
	EndGlobalSection
	GlobalSection(ExtensibilityGlobals) = postSolution
		SolutionGuid = {5E9CF08E-3484-482B-AA48-A3D57C07BCD5}
	EndGlobalSection
EndGlobal
